// !$*UTF8*$!
{
	archiveVersion = 1;
	classes = {
	};
	objectVersion = 46;
	objects = {

/* Begin PBXBuildFile section */
		BF0EFA9C1919572C001A5039 /* enemy-3.png in Resources */ = {isa = PBXBuildFile; fileRef = BF0EFA961919572C001A5039 /* enemy-3.png */; };
		BF0EFA9D1919572C001A5039 /* enemy-2.png in Resources */ = {isa = PBXBuildFile; fileRef = BF0EFA971919572C001A5039 /* enemy-2.png */; };
		BF0EFA9E1919572C001A5039 /* enemy-1.png in Resources */ = {isa = PBXBuildFile; fileRef = BF0EFA981919572C001A5039 /* enemy-1.png */; };
		BF0EFA9F1919572C001A5039 /* main-3.png in Resources */ = {isa = PBXBuildFile; fileRef = BF0EFA991919572C001A5039 /* main-3.png */; };
		BF0EFAA01919572C001A5039 /* main-2.png in Resources */ = {isa = PBXBuildFile; fileRef = BF0EFA9A1919572C001A5039 /* main-2.png */; };
		BF0EFAA11919572C001A5039 /* main-1.png in Resources */ = {isa = PBXBuildFile; fileRef = BF0EFA9B1919572C001A5039 /* main-1.png */; };
		BF0EFAA3191958D0001A5039 /* b-2.png in Resources */ = {isa = PBXBuildFile; fileRef = BF0EFAA2191958D0001A5039 /* b-2.png */; };
		BF0EFAA619196319001A5039 /* EndScene.m in Sources */ = {isa = PBXBuildFile; fileRef = BF0EFAA419196319001A5039 /* EndScene.m */; };
		BF14C4EC19108695004F7055 /* Level2.m in Sources */ = {isa = PBXBuildFile; fileRef = BF14C4EB19108695004F7055 /* Level2.m */; };
		BF14C4EF19108CA1004F7055 /* WelcomeScene.m in Sources */ = {isa = PBXBuildFile; fileRef = BF14C4EE19108CA1004F7055 /* WelcomeScene.m */; };
		BF2D40721918A93800BE2FAB /* b1.png in Resources */ = {isa = PBXBuildFile; fileRef = BF2D40711918A93800BE2FAB /* b1.png */; };
		BF2D40751918AA5A00BE2FAB /* b2.png in Resources */ = {isa = PBXBuildFile; fileRef = BF2D40731918AA5A00BE2FAB /* b2.png */; };
		BF2D40761918AA5A00BE2FAB /* b3.png in Resources */ = {isa = PBXBuildFile; fileRef = BF2D40741918AA5A00BE2FAB /* b3.png */; };
		BF359A8118FCDF8900AD398A /* end.caf in Resources */ = {isa = PBXBuildFile; fileRef = BF359A8018FCDF8900AD398A /* end.caf */; };
		BF359A8318FCE0DD00AD398A /* hit.caf in Resources */ = {isa = PBXBuildFile; fileRef = BF359A8218FCE0DD00AD398A /* hit.caf */; };
		BF549D3A18FC6FAB00A84AFA /* SnowParticle.sks in Resources */ = {isa = PBXBuildFile; fileRef = BF549D3818FC6FAB00A84AFA /* SnowParticle.sks */; };
		BF549D3B18FC6FAB00A84AFA /* spark.png in Resources */ = {isa = PBXBuildFile; fileRef = BF549D3918FC6FAB00A84AFA /* spark.png */; };
		BF65801B18EA092D0049A0E1 /* Foundation.framework in Frameworks */ = {isa = PBXBuildFile; fileRef = BF65801A18EA092D0049A0E1 /* Foundation.framework */; };
		BF65801D18EA092D0049A0E1 /* CoreGraphics.framework in Frameworks */ = {isa = PBXBuildFile; fileRef = BF65801C18EA092D0049A0E1 /* CoreGraphics.framework */; };
		BF65801F18EA092D0049A0E1 /* UIKit.framework in Frameworks */ = {isa = PBXBuildFile; fileRef = BF65801E18EA092D0049A0E1 /* UIKit.framework */; };
		BF65802118EA092D0049A0E1 /* SpriteKit.framework in Frameworks */ = {isa = PBXBuildFile; fileRef = BF65802018EA092D0049A0E1 /* SpriteKit.framework */; };
		BF65802718EA092D0049A0E1 /* InfoPlist.strings in Resources */ = {isa = PBXBuildFile; fileRef = BF65802518EA092D0049A0E1 /* InfoPlist.strings */; };
		BF65802918EA092D0049A0E1 /* main.m in Sources */ = {isa = PBXBuildFile; fileRef = BF65802818EA092D0049A0E1 /* main.m */; };
		BF65802D18EA092D0049A0E1 /* AppDelegate.m in Sources */ = {isa = PBXBuildFile; fileRef = BF65802C18EA092D0049A0E1 /* AppDelegate.m */; };
		BF65803018EA092D0049A0E1 /* Main.storyboard in Resources */ = {isa = PBXBuildFile; fileRef = BF65802E18EA092D0049A0E1 /* Main.storyboard */; };
		BF65803318EA092D0049A0E1 /* ViewController.m in Sources */ = {isa = PBXBuildFile; fileRef = BF65803218EA092D0049A0E1 /* ViewController.m */; };
		BF65803618EA092D0049A0E1 /* MyScene.m in Sources */ = {isa = PBXBuildFile; fileRef = BF65803518EA092D0049A0E1 /* MyScene.m */; };
		BF65803818EA092D0049A0E1 /* Spaceship.png in Resources */ = {isa = PBXBuildFile; fileRef = BF65803718EA092D0049A0E1 /* Spaceship.png */; };
		BF65803A18EA092D0049A0E1 /* Images.xcassets in Resources */ = {isa = PBXBuildFile; fileRef = BF65803918EA092D0049A0E1 /* Images.xcassets */; };
		BF65804118EA092D0049A0E1 /* XCTest.framework in Frameworks */ = {isa = PBXBuildFile; fileRef = BF65804018EA092D0049A0E1 /* XCTest.framework */; };
		BF65804218EA092D0049A0E1 /* Foundation.framework in Frameworks */ = {isa = PBXBuildFile; fileRef = BF65801A18EA092D0049A0E1 /* Foundation.framework */; };
		BF65804318EA092D0049A0E1 /* UIKit.framework in Frameworks */ = {isa = PBXBuildFile; fileRef = BF65801E18EA092D0049A0E1 /* UIKit.framework */; };
		BF65804B18EA092D0049A0E1 /* InfoPlist.strings in Resources */ = {isa = PBXBuildFile; fileRef = BF65804918EA092D0049A0E1 /* InfoPlist.strings */; };
		BF65804D18EA092D0049A0E1 /* midtermGayProtestorTests.m in Sources */ = {isa = PBXBuildFile; fileRef = BF65804C18EA092D0049A0E1 /* midtermGayProtestorTests.m */; };
		BF65807C18EA0B2A0049A0E1 /* FMMParallaxNode.m in Sources */ = {isa = PBXBuildFile; fileRef = BF65805F18EA0B2A0049A0E1 /* FMMParallaxNode.m */; };
		BF87EF7418F35B51009BBE7F /* laserbeam_rainbow.png in Resources */ = {isa = PBXBuildFile; fileRef = BF87EF7018F35B51009BBE7F /* laserbeam_rainbow.png */; };
		BFA23BC318F5C72100331AA7 /* bg.png in Resources */ = {isa = PBXBuildFile; fileRef = BFA23BC218F5C72100331AA7 /* bg.png */; };
		BFD6D5FF191826FD00484FE8 /* Level3.m in Sources */ = {isa = PBXBuildFile; fileRef = BFD6D5FE191826FD00484FE8 /* Level3.m */; };
		BFDA1EF3191989D800F7B33F /* Minecraftia.ttf in Resources */ = {isa = PBXBuildFile; fileRef = BFDA1EF2191989D800F7B33F /* Minecraftia.ttf */; };
		BFDA1EF6191994DE00F7B33F /* WinScene.m in Sources */ = {isa = PBXBuildFile; fileRef = BFDA1EF5191994DE00F7B33F /* WinScene.m */; };
/* End PBXBuildFile section */

/* Begin PBXContainerItemProxy section */
		BF65804418EA092D0049A0E1 /* PBXContainerItemProxy */ = {
			isa = PBXContainerItemProxy;
			containerPortal = BF65800F18EA092D0049A0E1 /* Project object */;
			proxyType = 1;
			remoteGlobalIDString = BF65801618EA092D0049A0E1;
			remoteInfo = midtermGayProtestor;
		};
/* End PBXContainerItemProxy section */

/* Begin PBXFileReference section */
		BF0EFA961919572C001A5039 /* enemy-3.png */ = {isa = PBXFileReference; lastKnownFileType = image.png; path = "enemy-3.png"; sourceTree = "<group>"; };
		BF0EFA971919572C001A5039 /* enemy-2.png */ = {isa = PBXFileReference; lastKnownFileType = image.png; path = "enemy-2.png"; sourceTree = "<group>"; };
		BF0EFA981919572C001A5039 /* enemy-1.png */ = {isa = PBXFileReference; lastKnownFileType = image.png; path = "enemy-1.png"; sourceTree = "<group>"; };
		BF0EFA991919572C001A5039 /* main-3.png */ = {isa = PBXFileReference; lastKnownFileType = image.png; path = "main-3.png"; sourceTree = "<group>"; };
		BF0EFA9A1919572C001A5039 /* main-2.png */ = {isa = PBXFileReference; lastKnownFileType = image.png; path = "main-2.png"; sourceTree = "<group>"; };
		BF0EFA9B1919572C001A5039 /* main-1.png */ = {isa = PBXFileReference; lastKnownFileType = image.png; path = "main-1.png"; sourceTree = "<group>"; };
		BF0EFAA2191958D0001A5039 /* b-2.png */ = {isa = PBXFileReference; lastKnownFileType = image.png; path = "b-2.png"; sourceTree = "<group>"; };
		BF0EFAA419196319001A5039 /* EndScene.m */ = {isa = PBXFileReference; fileEncoding = 4; lastKnownFileType = sourcecode.c.objc; path = EndScene.m; sourceTree = "<group>"; };
		BF0EFAA519196319001A5039 /* EndScene.h */ = {isa = PBXFileReference; fileEncoding = 4; lastKnownFileType = sourcecode.c.h; path = EndScene.h; sourceTree = "<group>"; };
		BF14C4EA19108695004F7055 /* Level2.h */ = {isa = PBXFileReference; fileEncoding = 4; lastKnownFileType = sourcecode.c.h; path = Level2.h; sourceTree = "<group>"; };
		BF14C4EB19108695004F7055 /* Level2.m */ = {isa = PBXFileReference; fileEncoding = 4; lastKnownFileType = sourcecode.c.objc; path = Level2.m; sourceTree = "<group>"; };
		BF14C4ED19108CA1004F7055 /* WelcomeScene.h */ = {isa = PBXFileReference; fileEncoding = 4; lastKnownFileType = sourcecode.c.h; path = WelcomeScene.h; sourceTree = "<group>"; };
		BF14C4EE19108CA1004F7055 /* WelcomeScene.m */ = {isa = PBXFileReference; fileEncoding = 4; lastKnownFileType = sourcecode.c.objc; path = WelcomeScene.m; sourceTree = "<group>"; };
		BF2D40711918A93800BE2FAB /* b1.png */ = {isa = PBXFileReference; lastKnownFileType = image.png; path = b1.png; sourceTree = "<group>"; };
		BF2D40731918AA5A00BE2FAB /* b2.png */ = {isa = PBXFileReference; lastKnownFileType = image.png; path = b2.png; sourceTree = "<group>"; };
		BF2D40741918AA5A00BE2FAB /* b3.png */ = {isa = PBXFileReference; lastKnownFileType = image.png; path = b3.png; sourceTree = "<group>"; };
		BF359A8018FCDF8900AD398A /* end.caf */ = {isa = PBXFileReference; lastKnownFileType = file; path = end.caf; sourceTree = "<group>"; };
		BF359A8218FCE0DD00AD398A /* hit.caf */ = {isa = PBXFileReference; lastKnownFileType = file; path = hit.caf; sourceTree = "<group>"; };
		BF549D3818FC6FAB00A84AFA /* SnowParticle.sks */ = {isa = PBXFileReference; lastKnownFileType = file.sks; path = SnowParticle.sks; sourceTree = "<group>"; };
		BF549D3918FC6FAB00A84AFA /* spark.png */ = {isa = PBXFileReference; lastKnownFileType = image.png; path = spark.png; sourceTree = "<group>"; };
		BF65801718EA092D0049A0E1 /* RAINBOW!.app */ = {isa = PBXFileReference; explicitFileType = wrapper.application; includeInIndex = 0; path = "RAINBOW!.app"; sourceTree = BUILT_PRODUCTS_DIR; };
		BF65801A18EA092D0049A0E1 /* Foundation.framework */ = {isa = PBXFileReference; lastKnownFileType = wrapper.framework; name = Foundation.framework; path = System/Library/Frameworks/Foundation.framework; sourceTree = SDKROOT; };
		BF65801C18EA092D0049A0E1 /* CoreGraphics.framework */ = {isa = PBXFileReference; lastKnownFileType = wrapper.framework; name = CoreGraphics.framework; path = System/Library/Frameworks/CoreGraphics.framework; sourceTree = SDKROOT; };
		BF65801E18EA092D0049A0E1 /* UIKit.framework */ = {isa = PBXFileReference; lastKnownFileType = wrapper.framework; name = UIKit.framework; path = System/Library/Frameworks/UIKit.framework; sourceTree = SDKROOT; };
		BF65802018EA092D0049A0E1 /* SpriteKit.framework */ = {isa = PBXFileReference; lastKnownFileType = wrapper.framework; name = SpriteKit.framework; path = System/Library/Frameworks/SpriteKit.framework; sourceTree = SDKROOT; };
		BF65802418EA092D0049A0E1 /* RAINBOW!-Info.plist */ = {isa = PBXFileReference; lastKnownFileType = text.plist.xml; path = "RAINBOW!-Info.plist"; sourceTree = "<group>"; };
		BF65802618EA092D0049A0E1 /* en */ = {isa = PBXFileReference; lastKnownFileType = text.plist.strings; name = en; path = en.lproj/InfoPlist.strings; sourceTree = "<group>"; };
		BF65802818EA092D0049A0E1 /* main.m */ = {isa = PBXFileReference; lastKnownFileType = sourcecode.c.objc; path = main.m; sourceTree = "<group>"; };
		BF65802A18EA092D0049A0E1 /* RAINBOW!-Prefix.pch */ = {isa = PBXFileReference; lastKnownFileType = sourcecode.c.h; path = "RAINBOW!-Prefix.pch"; sourceTree = "<group>"; };
		BF65802B18EA092D0049A0E1 /* AppDelegate.h */ = {isa = PBXFileReference; lastKnownFileType = sourcecode.c.h; path = AppDelegate.h; sourceTree = "<group>"; };
		BF65802C18EA092D0049A0E1 /* AppDelegate.m */ = {isa = PBXFileReference; lastKnownFileType = sourcecode.c.objc; path = AppDelegate.m; sourceTree = "<group>"; };
		BF65802F18EA092D0049A0E1 /* Base */ = {isa = PBXFileReference; lastKnownFileType = file.storyboard; name = Base; path = Base.lproj/Main.storyboard; sourceTree = "<group>"; };
		BF65803118EA092D0049A0E1 /* ViewController.h */ = {isa = PBXFileReference; lastKnownFileType = sourcecode.c.h; path = ViewController.h; sourceTree = "<group>"; };
		BF65803218EA092D0049A0E1 /* ViewController.m */ = {isa = PBXFileReference; lastKnownFileType = sourcecode.c.objc; path = ViewController.m; sourceTree = "<group>"; };
		BF65803418EA092D0049A0E1 /* MyScene.h */ = {isa = PBXFileReference; lastKnownFileType = sourcecode.c.h; path = MyScene.h; sourceTree = "<group>"; };
		BF65803518EA092D0049A0E1 /* MyScene.m */ = {isa = PBXFileReference; lastKnownFileType = sourcecode.c.objc; path = MyScene.m; sourceTree = "<group>"; };
		BF65803718EA092D0049A0E1 /* Spaceship.png */ = {isa = PBXFileReference; lastKnownFileType = image.png; path = Spaceship.png; sourceTree = "<group>"; };
		BF65803918EA092D0049A0E1 /* Images.xcassets */ = {isa = PBXFileReference; lastKnownFileType = folder.assetcatalog; path = Images.xcassets; sourceTree = "<group>"; };
		BF65803F18EA092D0049A0E1 /* RAINBOW!Tests.xctest */ = {isa = PBXFileReference; explicitFileType = wrapper.cfbundle; includeInIndex = 0; path = "RAINBOW!Tests.xctest"; sourceTree = BUILT_PRODUCTS_DIR; };
		BF65804018EA092D0049A0E1 /* XCTest.framework */ = {isa = PBXFileReference; lastKnownFileType = wrapper.framework; name = XCTest.framework; path = Library/Frameworks/XCTest.framework; sourceTree = DEVELOPER_DIR; };
		BF65804818EA092D0049A0E1 /* RAINBOW!Tests-Info.plist */ = {isa = PBXFileReference; lastKnownFileType = text.plist.xml; path = "RAINBOW!Tests-Info.plist"; sourceTree = "<group>"; };
		BF65804A18EA092D0049A0E1 /* en */ = {isa = PBXFileReference; lastKnownFileType = text.plist.strings; name = en; path = en.lproj/InfoPlist.strings; sourceTree = "<group>"; };
		BF65804C18EA092D0049A0E1 /* midtermGayProtestorTests.m */ = {isa = PBXFileReference; lastKnownFileType = sourcecode.c.objc; path = midtermGayProtestorTests.m; sourceTree = "<group>"; };
		BF65805E18EA0B2A0049A0E1 /* FMMParallaxNode.h */ = {isa = PBXFileReference; fileEncoding = 4; lastKnownFileType = sourcecode.c.h; path = FMMParallaxNode.h; sourceTree = "<group>"; };
		BF65805F18EA0B2A0049A0E1 /* FMMParallaxNode.m */ = {isa = PBXFileReference; fileEncoding = 4; lastKnownFileType = sourcecode.c.objc; path = FMMParallaxNode.m; sourceTree = "<group>"; };
		BF87EF7018F35B51009BBE7F /* laserbeam_rainbow.png */ = {isa = PBXFileReference; lastKnownFileType = image.png; path = laserbeam_rainbow.png; sourceTree = "<group>"; };
		BFA23BC218F5C72100331AA7 /* bg.png */ = {isa = PBXFileReference; lastKnownFileType = image.png; path = bg.png; sourceTree = "<group>"; };
		BFD6D5FD191826FD00484FE8 /* Level3.h */ = {isa = PBXFileReference; fileEncoding = 4; lastKnownFileType = sourcecode.c.h; path = Level3.h; sourceTree = "<group>"; };
		BFD6D5FE191826FD00484FE8 /* Level3.m */ = {isa = PBXFileReference; fileEncoding = 4; lastKnownFileType = sourcecode.c.objc; path = Level3.m; sourceTree = "<group>"; };
		BFDA1EF2191989D800F7B33F /* Minecraftia.ttf */ = {isa = PBXFileReference; lastKnownFileType = file; path = Minecraftia.ttf; sourceTree = "<group>"; };
		BFDA1EF4191994DE00F7B33F /* WinScene.h */ = {isa = PBXFileReference; fileEncoding = 4; lastKnownFileType = sourcecode.c.h; path = WinScene.h; sourceTree = "<group>"; };
		BFDA1EF5191994DE00F7B33F /* WinScene.m */ = {isa = PBXFileReference; fileEncoding = 4; lastKnownFileType = sourcecode.c.objc; path = WinScene.m; sourceTree = "<group>"; };
/* End PBXFileReference section */

/* Begin PBXFrameworksBuildPhase section */
		BF65801418EA092D0049A0E1 /* Frameworks */ = {
			isa = PBXFrameworksBuildPhase;
			buildActionMask = 2147483647;
			files = (
				BF65801D18EA092D0049A0E1 /* CoreGraphics.framework in Frameworks */,
				BF65801F18EA092D0049A0E1 /* UIKit.framework in Frameworks */,
				BF65802118EA092D0049A0E1 /* SpriteKit.framework in Frameworks */,
				BF65801B18EA092D0049A0E1 /* Foundation.framework in Frameworks */,
			);
			runOnlyForDeploymentPostprocessing = 0;
		};
		BF65803C18EA092D0049A0E1 /* Frameworks */ = {
			isa = PBXFrameworksBuildPhase;
			buildActionMask = 2147483647;
			files = (
				BF65804118EA092D0049A0E1 /* XCTest.framework in Frameworks */,
				BF65804318EA092D0049A0E1 /* UIKit.framework in Frameworks */,
				BF65804218EA092D0049A0E1 /* Foundation.framework in Frameworks */,
			);
			runOnlyForDeploymentPostprocessing = 0;
		};
/* End PBXFrameworksBuildPhase section */

/* Begin PBXGroup section */
		BF65800E18EA092D0049A0E1 = {
			isa = PBXGroup;
			children = (
				BF359A8218FCE0DD00AD398A /* hit.caf */,
				BF359A8018FCDF8900AD398A /* end.caf */,
				BF549D3818FC6FAB00A84AFA /* SnowParticle.sks */,
				BF549D3918FC6FAB00A84AFA /* spark.png */,
				BF87EF6D18F35B51009BBE7F /* Artwork */,
				BF65802218EA092D0049A0E1 /* midtermGayProtestor */,
				BF65804618EA092D0049A0E1 /* midtermGayProtestorTests */,
				BF65801918EA092D0049A0E1 /* Frameworks */,
				BF65801818EA092D0049A0E1 /* Products */,
			);
			sourceTree = "<group>";
		};
		BF65801818EA092D0049A0E1 /* Products */ = {
			isa = PBXGroup;
			children = (
				BF65801718EA092D0049A0E1 /* RAINBOW!.app */,
				BF65803F18EA092D0049A0E1 /* RAINBOW!Tests.xctest */,
			);
			name = Products;
			sourceTree = "<group>";
		};
		BF65801918EA092D0049A0E1 /* Frameworks */ = {
			isa = PBXGroup;
			children = (
				BF65801A18EA092D0049A0E1 /* Foundation.framework */,
				BF65801C18EA092D0049A0E1 /* CoreGraphics.framework */,
				BF65801E18EA092D0049A0E1 /* UIKit.framework */,
				BF65802018EA092D0049A0E1 /* SpriteKit.framework */,
				BF65804018EA092D0049A0E1 /* XCTest.framework */,
			);
			name = Frameworks;
			sourceTree = "<group>";
		};
		BF65802218EA092D0049A0E1 /* midtermGayProtestor */ = {
			isa = PBXGroup;
			children = (
				BF65805618EA0B2A0049A0E1 /* Resources */,
				BF65802B18EA092D0049A0E1 /* AppDelegate.h */,
				BF65802C18EA092D0049A0E1 /* AppDelegate.m */,
				BF65802E18EA092D0049A0E1 /* Main.storyboard */,
				BF65803118EA092D0049A0E1 /* ViewController.h */,
				BF65803218EA092D0049A0E1 /* ViewController.m */,
				BF65803418EA092D0049A0E1 /* MyScene.h */,
				BF14C4EA19108695004F7055 /* Level2.h */,
				BFD6D5FD191826FD00484FE8 /* Level3.h */,
				BF65803518EA092D0049A0E1 /* MyScene.m */,
				BF14C4EB19108695004F7055 /* Level2.m */,
				BFD6D5FE191826FD00484FE8 /* Level3.m */,
				BFDA1EF4191994DE00F7B33F /* WinScene.h */,
				BF0EFAA519196319001A5039 /* EndScene.h */,
				BF14C4ED19108CA1004F7055 /* WelcomeScene.h */,
				BFDA1EF5191994DE00F7B33F /* WinScene.m */,
				BF0EFAA419196319001A5039 /* EndScene.m */,
				BF14C4EE19108CA1004F7055 /* WelcomeScene.m */,
				BF65803718EA092D0049A0E1 /* Spaceship.png */,
				BF65803918EA092D0049A0E1 /* Images.xcassets */,
				BF65802318EA092D0049A0E1 /* Supporting Files */,
			);
			path = midtermGayProtestor;
			sourceTree = "<group>";
		};
		BF65802318EA092D0049A0E1 /* Supporting Files */ = {
			isa = PBXGroup;
			children = (
				BF65802418EA092D0049A0E1 /* RAINBOW!-Info.plist */,
				BF65802518EA092D0049A0E1 /* InfoPlist.strings */,
				BF65802818EA092D0049A0E1 /* main.m */,
				BF65802A18EA092D0049A0E1 /* RAINBOW!-Prefix.pch */,
			);
			name = "Supporting Files";
			sourceTree = "<group>";
		};
		BF65804618EA092D0049A0E1 /* midtermGayProtestorTests */ = {
			isa = PBXGroup;
			children = (
				BF65804C18EA092D0049A0E1 /* midtermGayProtestorTests.m */,
				BF65804718EA092D0049A0E1 /* Supporting Files */,
			);
			path = midtermGayProtestorTests;
			sourceTree = "<group>";
		};
		BF65804718EA092D0049A0E1 /* Supporting Files */ = {
			isa = PBXGroup;
			children = (
				BF65804818EA092D0049A0E1 /* RAINBOW!Tests-Info.plist */,
				BF65804918EA092D0049A0E1 /* InfoPlist.strings */,
			);
			name = "Supporting Files";
			sourceTree = "<group>";
		};
		BF65805618EA0B2A0049A0E1 /* Resources */ = {
			isa = PBXGroup;
			children = (
				BF65805D18EA0B2A0049A0E1 /* Classes */,
				BF65806018EA0B2A0049A0E1 /* Fonts */,
				BF65806118EA0B2A0049A0E1 /* Icons */,
			);
			path = Resources;
			sourceTree = "<group>";
		};
		BF65805D18EA0B2A0049A0E1 /* Classes */ = {
			isa = PBXGroup;
			children = (
				BF65805E18EA0B2A0049A0E1 /* FMMParallaxNode.h */,
				BF65805F18EA0B2A0049A0E1 /* FMMParallaxNode.m */,
			);
			path = Classes;
			sourceTree = "<group>";
		};
		BF65806018EA0B2A0049A0E1 /* Fonts */ = {
			isa = PBXGroup;
			children = (
				BFDA1EF2191989D800F7B33F /* Minecraftia.ttf */,
			);
			path = Fonts;
			sourceTree = "<group>";
		};
		BF65806118EA0B2A0049A0E1 /* Icons */ = {
			isa = PBXGroup;
			children = (
			);
			path = Icons;
			sourceTree = "<group>";
		};
		BF87EF6D18F35B51009BBE7F /* Artwork */ = {
			isa = PBXGroup;
			children = (
				BFA23BC218F5C72100331AA7 /* bg.png */,
				BF2D40711918A93800BE2FAB /* b1.png */,
				BF0EFA961919572C001A5039 /* enemy-3.png */,
				BF0EFA971919572C001A5039 /* enemy-2.png */,
				BF0EFA981919572C001A5039 /* enemy-1.png */,
				BF0EFAA2191958D0001A5039 /* b-2.png */,
				BF0EFA991919572C001A5039 /* main-3.png */,
				BF0EFA9A1919572C001A5039 /* main-2.png */,
				BF0EFA9B1919572C001A5039 /* main-1.png */,
				BF2D40731918AA5A00BE2FAB /* b2.png */,
				BF2D40741918AA5A00BE2FAB /* b3.png */,
				BF87EF7018F35B51009BBE7F /* laserbeam_rainbow.png */,
			);
			path = Artwork;
			sourceTree = "<group>";
		};
/* End PBXGroup section */

/* Begin PBXNativeTarget section */
		BF65801618EA092D0049A0E1 /* RAINBOW! */ = {
			isa = PBXNativeTarget;
			buildConfigurationList = BF65805018EA092D0049A0E1 /* Build configuration list for PBXNativeTarget "RAINBOW!" */;
			buildPhases = (
				BF65801318EA092D0049A0E1 /* Sources */,
				BF65801418EA092D0049A0E1 /* Frameworks */,
				BF65801518EA092D0049A0E1 /* Resources */,
			);
			buildRules = (
			);
			dependencies = (
			);
			name = "RAINBOW!";
			productName = midtermGayProtestor;
			productReference = BF65801718EA092D0049A0E1 /* RAINBOW!.app */;
			productType = "com.apple.product-type.application";
		};
		BF65803E18EA092D0049A0E1 /* RAINBOW!Tests */ = {
			isa = PBXNativeTarget;
			buildConfigurationList = BF65805318EA092D0049A0E1 /* Build configuration list for PBXNativeTarget "RAINBOW!Tests" */;
			buildPhases = (
				BF65803B18EA092D0049A0E1 /* Sources */,
				BF65803C18EA092D0049A0E1 /* Frameworks */,
				BF65803D18EA092D0049A0E1 /* Resources */,
			);
			buildRules = (
			);
			dependencies = (
				BF65804518EA092D0049A0E1 /* PBXTargetDependency */,
			);
			name = "RAINBOW!Tests";
			productName = midtermGayProtestorTests;
			productReference = BF65803F18EA092D0049A0E1 /* RAINBOW!Tests.xctest */;
			productType = "com.apple.product-type.bundle.unit-test";
		};
/* End PBXNativeTarget section */

/* Begin PBXProject section */
		BF65800F18EA092D0049A0E1 /* Project object */ = {
			isa = PBXProject;
			attributes = {
				LastUpgradeCheck = 0510;
				ORGANIZATIONNAME = "Jimmy Tang";
				TargetAttributes = {
					BF65801618EA092D0049A0E1 = {
						DevelopmentTeam = RHS54MNZHX;
					};
					BF65803E18EA092D0049A0E1 = {
						TestTargetID = BF65801618EA092D0049A0E1;
					};
				};
			};
			buildConfigurationList = BF65801218EA092D0049A0E1 /* Build configuration list for PBXProject "RAINBOW!" */;
			compatibilityVersion = "Xcode 3.2";
			developmentRegion = English;
			hasScannedForEncodings = 0;
			knownRegions = (
				en,
				Base,
			);
			mainGroup = BF65800E18EA092D0049A0E1;
			productRefGroup = BF65801818EA092D0049A0E1 /* Products */;
			projectDirPath = "";
			projectRoot = "";
			targets = (
				BF65801618EA092D0049A0E1 /* RAINBOW! */,
				BF65803E18EA092D0049A0E1 /* RAINBOW!Tests */,
			);
		};
/* End PBXProject section */

/* Begin PBXResourcesBuildPhase section */
		BF65801518EA092D0049A0E1 /* Resources */ = {
			isa = PBXResourcesBuildPhase;
			buildActionMask = 2147483647;
			files = (
				BF0EFAA01919572C001A5039 /* main-2.png in Resources */,
				BFDA1EF3191989D800F7B33F /* Minecraftia.ttf in Resources */,
				BF359A8318FCE0DD00AD398A /* hit.caf in Resources */,
				BF87EF7418F35B51009BBE7F /* laserbeam_rainbow.png in Resources */,
				BF549D3A18FC6FAB00A84AFA /* SnowParticle.sks in Resources */,
				BF65802718EA092D0049A0E1 /* InfoPlist.strings in Resources */,
				BF549D3B18FC6FAB00A84AFA /* spark.png in Resources */,
				BF0EFAA3191958D0001A5039 /* b-2.png in Resources */,
				BF2D40721918A93800BE2FAB /* b1.png in Resources */,
				BF0EFA9D1919572C001A5039 /* enemy-2.png in Resources */,
				BF65803A18EA092D0049A0E1 /* Images.xcassets in Resources */,
				BF2D40761918AA5A00BE2FAB /* b3.png in Resources */,
				BF0EFA9F1919572C001A5039 /* main-3.png in Resources */,
				BF0EFA9C1919572C001A5039 /* enemy-3.png in Resources */,
				BF359A8118FCDF8900AD398A /* end.caf in Resources */,
				BF0EFA9E1919572C001A5039 /* enemy-1.png in Resources */,
				BF2D40751918AA5A00BE2FAB /* b2.png in Resources */,
				BFA23BC318F5C72100331AA7 /* bg.png in Resources */,
				BF65803818EA092D0049A0E1 /* Spaceship.png in Resources */,
				BF65803018EA092D0049A0E1 /* Main.storyboard in Resources */,
				BF0EFAA11919572C001A5039 /* main-1.png in Resources */,
			);
			runOnlyForDeploymentPostprocessing = 0;
		};
		BF65803D18EA092D0049A0E1 /* Resources */ = {
			isa = PBXResourcesBuildPhase;
			buildActionMask = 2147483647;
			files = (
				BF65804B18EA092D0049A0E1 /* InfoPlist.strings in Resources */,
			);
			runOnlyForDeploymentPostprocessing = 0;
		};
/* End PBXResourcesBuildPhase section */

/* Begin PBXSourcesBuildPhase section */
		BF65801318EA092D0049A0E1 /* Sources */ = {
			isa = PBXSourcesBuildPhase;
			buildActionMask = 2147483647;
			files = (
				BF65803618EA092D0049A0E1 /* MyScene.m in Sources */,
				BFDA1EF6191994DE00F7B33F /* WinScene.m in Sources */,
				BF65803318EA092D0049A0E1 /* ViewController.m in Sources */,
				BF65802D18EA092D0049A0E1 /* AppDelegate.m in Sources */,
				BF14C4EF19108CA1004F7055 /* WelcomeScene.m in Sources */,
				BF0EFAA619196319001A5039 /* EndScene.m in Sources */,
				BF65807C18EA0B2A0049A0E1 /* FMMParallaxNode.m in Sources */,
				BF14C4EC19108695004F7055 /* Level2.m in Sources */,
				BF65802918EA092D0049A0E1 /* main.m in Sources */,
				BFD6D5FF191826FD00484FE8 /* Level3.m in Sources */,
			);
			runOnlyForDeploymentPostprocessing = 0;
		};
		BF65803B18EA092D0049A0E1 /* Sources */ = {
			isa = PBXSourcesBuildPhase;
			buildActionMask = 2147483647;
			files = (
				BF65804D18EA092D0049A0E1 /* midtermGayProtestorTests.m in Sources */,
			);
			runOnlyForDeploymentPostprocessing = 0;
		};
/* End PBXSourcesBuildPhase section */

/* Begin PBXTargetDependency section */
		BF65804518EA092D0049A0E1 /* PBXTargetDependency */ = {
			isa = PBXTargetDependency;
			target = BF65801618EA092D0049A0E1 /* RAINBOW! */;
			targetProxy = BF65804418EA092D0049A0E1 /* PBXContainerItemProxy */;
		};
/* End PBXTargetDependency section */

/* Begin PBXVariantGroup section */
		BF65802518EA092D0049A0E1 /* InfoPlist.strings */ = {
			isa = PBXVariantGroup;
			children = (
				BF65802618EA092D0049A0E1 /* en */,
			);
			name = InfoPlist.strings;
			sourceTree = "<group>";
		};
		BF65802E18EA092D0049A0E1 /* Main.storyboard */ = {
			isa = PBXVariantGroup;
			children = (
				BF65802F18EA092D0049A0E1 /* Base */,
			);
			name = Main.storyboard;
			sourceTree = "<group>";
		};
		BF65804918EA092D0049A0E1 /* InfoPlist.strings */ = {
			isa = PBXVariantGroup;
			children = (
				BF65804A18EA092D0049A0E1 /* en */,
			);
			name = InfoPlist.strings;
			sourceTree = "<group>";
		};
/* End PBXVariantGroup section */

/* Begin XCBuildConfiguration section */
		BF65804E18EA092D0049A0E1 /* Debug */ = {
			isa = XCBuildConfiguration;
			buildSettings = {
				ALWAYS_SEARCH_USER_PATHS = NO;
				CLANG_CXX_LANGUAGE_STANDARD = "gnu++0x";
				CLANG_CXX_LIBRARY = "libc++";
				CLANG_ENABLE_MODULES = YES;
				CLANG_ENABLE_OBJC_ARC = YES;
				CLANG_WARN_BOOL_CONVERSION = YES;
				CLANG_WARN_CONSTANT_CONVERSION = YES;
				CLANG_WARN_DIRECT_OBJC_ISA_USAGE = YES_ERROR;
				CLANG_WARN_EMPTY_BODY = YES;
				CLANG_WARN_ENUM_CONVERSION = YES;
				CLANG_WARN_INT_CONVERSION = YES;
				CLANG_WARN_OBJC_ROOT_CLASS = YES_ERROR;
				CLANG_WARN__DUPLICATE_METHOD_MATCH = YES;
				"CODE_SIGN_IDENTITY[sdk=iphoneos*]" = "iPhone Developer";
				COPY_PHASE_STRIP = NO;
				GCC_C_LANGUAGE_STANDARD = gnu99;
				GCC_DYNAMIC_NO_PIC = NO;
				GCC_OPTIMIZATION_LEVEL = 0;
				GCC_PREPROCESSOR_DEFINITIONS = (
					"DEBUG=1",
					"$(inherited)",
				);
				GCC_SYMBOLS_PRIVATE_EXTERN = NO;
				GCC_WARN_64_TO_32_BIT_CONVERSION = YES;
				GCC_WARN_ABOUT_RETURN_TYPE = YES_ERROR;
				GCC_WARN_UNDECLARED_SELECTOR = YES;
				GCC_WARN_UNINITIALIZED_AUTOS = YES_AGGRESSIVE;
				GCC_WARN_UNUSED_FUNCTION = YES;
				GCC_WARN_UNUSED_VARIABLE = YES;
				IPHONEOS_DEPLOYMENT_TARGET = 7.1;
				ONLY_ACTIVE_ARCH = YES;
				SDKROOT = iphoneos;
			};
			name = Debug;
		};
		BF65804F18EA092D0049A0E1 /* Release */ = {
			isa = XCBuildConfiguration;
			buildSettings = {
				ALWAYS_SEARCH_USER_PATHS = NO;
				CLANG_CXX_LANGUAGE_STANDARD = "gnu++0x";
				CLANG_CXX_LIBRARY = "libc++";
				CLANG_ENABLE_MODULES = YES;
				CLANG_ENABLE_OBJC_ARC = YES;
				CLANG_WARN_BOOL_CONVERSION = YES;
				CLANG_WARN_CONSTANT_CONVERSION = YES;
				CLANG_WARN_DIRECT_OBJC_ISA_USAGE = YES_ERROR;
				CLANG_WARN_EMPTY_BODY = YES;
				CLANG_WARN_ENUM_CONVERSION = YES;
				CLANG_WARN_INT_CONVERSION = YES;
				CLANG_WARN_OBJC_ROOT_CLASS = YES_ERROR;
				CLANG_WARN__DUPLICATE_METHOD_MATCH = YES;
				"CODE_SIGN_IDENTITY[sdk=iphoneos*]" = "iPhone Developer";
				COPY_PHASE_STRIP = YES;
				ENABLE_NS_ASSERTIONS = NO;
				GCC_C_LANGUAGE_STANDARD = gnu99;
				GCC_WARN_64_TO_32_BIT_CONVERSION = YES;
				GCC_WARN_ABOUT_RETURN_TYPE = YES_ERROR;
				GCC_WARN_UNDECLARED_SELECTOR = YES;
				GCC_WARN_UNINITIALIZED_AUTOS = YES_AGGRESSIVE;
				GCC_WARN_UNUSED_FUNCTION = YES;
				GCC_WARN_UNUSED_VARIABLE = YES;
				IPHONEOS_DEPLOYMENT_TARGET = 7.1;
				SDKROOT = iphoneos;
				VALIDATE_PRODUCT = YES;
			};
			name = Release;
		};
		BF65805118EA092D0049A0E1 /* Debug */ = {
			isa = XCBuildConfiguration;
			buildSettings = {
				ASSETCATALOG_COMPILER_APPICON_NAME = AppIcon;
				ASSETCATALOG_COMPILER_LAUNCHIMAGE_NAME = LaunchImage;
				CODE_SIGN_IDENTITY = "iPhone Developer";
				"CODE_SIGN_IDENTITY[sdk=iphoneos*]" = "iPhone Developer";
				GCC_PRECOMPILE_PREFIX_HEADER = YES;
				GCC_PREFIX_HEADER = "midtermGayProtestor/RAINBOW!-Prefix.pch";
				INFOPLIST_FILE = "midtermGayProtestor/RAINBOW!-Info.plist";
				PRODUCT_NAME = "RAINBOW!";
				PROVISIONING_PROFILE = "";
				SPRITEKIT_TEXTURE_ATLAS_OUTPUT = YES;
				WRAPPER_EXTENSION = app;
			};
			name = Debug;
		};
		BF65805218EA092D0049A0E1 /* Release */ = {
			isa = XCBuildConfiguration;
			buildSettings = {
				ASSETCATALOG_COMPILER_APPICON_NAME = AppIcon;
				ASSETCATALOG_COMPILER_LAUNCHIMAGE_NAME = LaunchImage;
				CODE_SIGN_IDENTITY = "iPhone Developer";
				"CODE_SIGN_IDENTITY[sdk=iphoneos*]" = "iPhone Developer";
				GCC_PRECOMPILE_PREFIX_HEADER = YES;
				GCC_PREFIX_HEADER = "midtermGayProtestor/RAINBOW!-Prefix.pch";
				INFOPLIST_FILE = "midtermGayProtestor/RAINBOW!-Info.plist";
				PRODUCT_NAME = "RAINBOW!";
				PROVISIONING_PROFILE = "";
				SPRITEKIT_TEXTURE_ATLAS_OUTPUT = YES;
				WRAPPER_EXTENSION = app;
			};
			name = Release;
		};
		BF65805418EA092D0049A0E1 /* Debug */ = {
			isa = XCBuildConfiguration;
			buildSettings = {
				BUNDLE_LOADER = "$(BUILT_PRODUCTS_DIR)/midtermGayProtestor.app/midtermGayProtestor";
				FRAMEWORK_SEARCH_PATHS = (
					"$(SDKROOT)/Developer/Library/Frameworks",
					"$(inherited)",
					"$(DEVELOPER_FRAMEWORKS_DIR)",
				);
				GCC_PRECOMPILE_PREFIX_HEADER = YES;
				GCC_PREFIX_HEADER = "midtermGayProtestor/midtermGayProtestor-Prefix.pch";
				GCC_PREPROCESSOR_DEFINITIONS = (
					"DEBUG=1",
					"$(inherited)",
				);
				INFOPLIST_FILE = "midtermGayProtestorTests/RAINBOW!Tests-Info.plist";
				PRODUCT_NAME = "RAINBOW!Tests";
				TEST_HOST = "$(BUNDLE_LOADER)";
				WRAPPER_EXTENSION = xctest;
			};
			name = Debug;
		};
		BF65805518EA092D0049A0E1 /* Release */ = {
			isa = XCBuildConfiguration;
			buildSettings = {
				BUNDLE_LOADER = "$(BUILT_PRODUCTS_DIR)/midtermGayProtestor.app/midtermGayProtestor";
				FRAMEWORK_SEARCH_PATHS = (
					"$(SDKROOT)/Developer/Library/Frameworks",
					"$(inherited)",
					"$(DEVELOPER_FRAMEWORKS_DIR)",
				);
				GCC_PRECOMPILE_PREFIX_HEADER = YES;
				GCC_PREFIX_HEADER = "midtermGayProtestor/midtermGayProtestor-Prefix.pch";
				INFOPLIST_FILE = "midtermGayProtestorTests/RAINBOW!Tests-Info.plist";
				PRODUCT_NAME = "RAINBOW!Tests";
				TEST_HOST = "$(BUNDLE_LOADER)";
				WRAPPER_EXTENSION = xctest;
			};
			name = Release;
		};
/* End XCBuildConfiguration section */

/* Begin XCConfigurationList section */
		BF65801218EA092D0049A0E1 /* Build configuration list for PBXProject "RAINBOW!" */ = {
			isa = XCConfigurationList;
			buildConfigurations = (
				BF65804E18EA092D0049A0E1 /* Debug */,
				BF65804F18EA092D0049A0E1 /* Release */,
			);
			defaultConfigurationIsVisible = 0;
			defaultConfigurationName = Release;
		};
		BF65805018EA092D0049A0E1 /* Build configuration list for PBXNativeTarget "RAINBOW!" */ = {
			isa = XCConfigurationList;
			buildConfigurations = (
				BF65805118EA092D0049A0E1 /* Debug */,
				BF65805218EA092D0049A0E1 /* Release */,
			);
			defaultConfigurationIsVisible = 0;
			defaultConfigurationName = Release;
		};
		BF65805318EA092D0049A0E1 /* Build configuration list for PBXNativeTarget "RAINBOW!Tests" */ = {
			isa = XCConfigurationList;
			buildConfigurations = (
				BF65805418EA092D0049A0E1 /* Debug */,
				BF65805518EA092D0049A0E1 /* Release */,
			);
			defaultConfigurationIsVisible = 0;
			defaultConfigurationName = Release;
		};
/* End XCConfigurationList section */
	};
	rootObject = BF65800F18EA092D0049A0E1 /* Project object */;
}
